// !$*UTF8*$!
{
	archiveVersion = 1;
	classes = {
	};
	objectVersion = 77;
	objects = {

/* Begin PBXBuildFile section */
                AF9B2DBA2EB23E88001A9D7F /* Lottie in Frameworks */ = {isa = PBXBuildFile; productRef = AF9B2DB92EB23E88001A9D7F /* Lottie */; };
/* End PBXBuildFile section */

/* Begin PBXContainerItemProxy section */
		AF05FA3D2EB224BA009ECF24 /* PBXContainerItemProxy */ = {
			isa = PBXContainerItemProxy;
			containerPortal = AF05FA222EB224B9009ECF24 /* Project object */;
			proxyType = 1;
			remoteGlobalIDString = AF05FA292EB224B9009ECF24;
			remoteInfo = ClassroomQuest;
		};
		AF05FA472EB224BA009ECF24 /* PBXContainerItemProxy */ = {
			isa = PBXContainerItemProxy;
			containerPortal = AF05FA222EB224B9009ECF24 /* Project object */;
			proxyType = 1;
			remoteGlobalIDString = AF05FA292EB224B9009ECF24;
			remoteInfo = ClassroomQuest;
		};
/* End PBXContainerItemProxy section */

/* Begin PBXFileReference section */
		AF05FA2A2EB224B9009ECF24 /* ClassroomQuest.app */ = {isa = PBXFileReference; explicitFileType = wrapper.application; includeInIndex = 0; path = ClassroomQuest.app; sourceTree = BUILT_PRODUCTS_DIR; };
		AF05FA3C2EB224BA009ECF24 /* ClassroomQuestTests.xctest */ = {isa = PBXFileReference; explicitFileType = wrapper.cfbundle; includeInIndex = 0; path = ClassroomQuestTests.xctest; sourceTree = BUILT_PRODUCTS_DIR; };
		AF05FA462EB224BA009ECF24 /* ClassroomQuestUITests.xctest */ = {isa = PBXFileReference; explicitFileType = wrapper.cfbundle; includeInIndex = 0; path = ClassroomQuestUITests.xctest; sourceTree = BUILT_PRODUCTS_DIR; };
/* End PBXFileReference section */

/* Begin PBXFileSystemSynchronizedRootGroup section */
		AF05FA2C2EB224B9009ECF24 /* ClassroomQuest */ = {
			isa = PBXFileSystemSynchronizedRootGroup;
			path = ClassroomQuest;
			sourceTree = "<group>";
		};
		AF05FA3F2EB224BA009ECF24 /* ClassroomQuestTests */ = {
			isa = PBXFileSystemSynchronizedRootGroup;
			path = ClassroomQuestTests;
			sourceTree = "<group>";
		};
		AF05FA492EB224BA009ECF24 /* ClassroomQuestUITests */ = {
			isa = PBXFileSystemSynchronizedRootGroup;
			path = ClassroomQuestUITests;
			sourceTree = "<group>";
		};
/* End PBXFileSystemSynchronizedRootGroup section */

/* Begin PBXFrameworksBuildPhase section */
                AF05FA272EB224B9009ECF24 /* Frameworks */ = {
                        isa = PBXFrameworksBuildPhase;
                        buildActionMask = 2147483647;
                        files = (
                                AF9B2DBA2EB23E88001A9D7F /* Lottie in Frameworks */,
                        );
                        runOnlyForDeploymentPostprocessing = 0;
                };
		AF05FA392EB224BA009ECF24 /* Frameworks */ = {
			isa = PBXFrameworksBuildPhase;
			buildActionMask = 2147483647;
			files = (
			);
			runOnlyForDeploymentPostprocessing = 0;
		};
		AF05FA432EB224BA009ECF24 /* Frameworks */ = {
			isa = PBXFrameworksBuildPhase;
			buildActionMask = 2147483647;
			files = (
			);
			runOnlyForDeploymentPostprocessing = 0;
		};
/* End PBXFrameworksBuildPhase section */

/* Begin PBXGroup section */
		AF05FA212EB224B9009ECF24 = {
			isa = PBXGroup;
			children = (
				AF05FA2C2EB224B9009ECF24 /* ClassroomQuest */,
				AF05FA3F2EB224BA009ECF24 /* ClassroomQuestTests */,
				AF05FA492EB224BA009ECF24 /* ClassroomQuestUITests */,
				AF05FA2B2EB224B9009ECF24 /* Products */,
			);
			sourceTree = "<group>";
		};
		AF05FA2B2EB224B9009ECF24 /* Products */ = {
			isa = PBXGroup;
			children = (
				AF05FA2A2EB224B9009ECF24 /* ClassroomQuest.app */,
				AF05FA3C2EB224BA009ECF24 /* ClassroomQuestTests.xctest */,
				AF05FA462EB224BA009ECF24 /* ClassroomQuestUITests.xctest */,
			);
			name = Products;
			sourceTree = "<group>";
		};
/* End PBXGroup section */

/* Begin PBXNativeTarget section */
		AF05FA292EB224B9009ECF24 /* ClassroomQuest */ = {
			isa = PBXNativeTarget;
			buildConfigurationList = AF05FA502EB224BA009ECF24 /* Build configuration list for PBXNativeTarget "ClassroomQuest" */;
			buildPhases = (
				AF05FA262EB224B9009ECF24 /* Sources */,
				AF05FA272EB224B9009ECF24 /* Frameworks */,
				AF05FA282EB224B9009ECF24 /* Resources */,
			);
			buildRules = (
			);
			dependencies = (
			);
			fileSystemSynchronizedGroups = (
				AF05FA2C2EB224B9009ECF24 /* ClassroomQuest */,
			);
			name = ClassroomQuest;
                        packageProductDependencies = (
                                AF9B2DB92EB23E88001A9D7F /* Lottie */,
                        );
			productName = ClassroomQuest;
			productReference = AF05FA2A2EB224B9009ECF24 /* ClassroomQuest.app */;
			productType = "com.apple.product-type.application";
		};
		AF05FA3B2EB224BA009ECF24 /* ClassroomQuestTests */ = {
			isa = PBXNativeTarget;
			buildConfigurationList = AF05FA532EB224BA009ECF24 /* Build configuration list for PBXNativeTarget "ClassroomQuestTests" */;
			buildPhases = (
				AF05FA382EB224BA009ECF24 /* Sources */,
				AF05FA392EB224BA009ECF24 /* Frameworks */,
				AF05FA3A2EB224BA009ECF24 /* Resources */,
			);
			buildRules = (
			);
			dependencies = (
				AF05FA3E2EB224BA009ECF24 /* PBXTargetDependency */,
			);
			fileSystemSynchronizedGroups = (
				AF05FA3F2EB224BA009ECF24 /* ClassroomQuestTests */,
			);
			name = ClassroomQuestTests;
			packageProductDependencies = (
			);
			productName = ClassroomQuestTests;
			productReference = AF05FA3C2EB224BA009ECF24 /* ClassroomQuestTests.xctest */;
			productType = "com.apple.product-type.bundle.unit-test";
		};
		AF05FA452EB224BA009ECF24 /* ClassroomQuestUITests */ = {
			isa = PBXNativeTarget;
			buildConfigurationList = AF05FA562EB224BA009ECF24 /* Build configuration list for PBXNativeTarget "ClassroomQuestUITests" */;
			buildPhases = (
				AF05FA422EB224BA009ECF24 /* Sources */,
				AF05FA432EB224BA009ECF24 /* Frameworks */,
				AF05FA442EB224BA009ECF24 /* Resources */,
			);
			buildRules = (
			);
			dependencies = (
				AF05FA482EB224BA009ECF24 /* PBXTargetDependency */,
			);
			fileSystemSynchronizedGroups = (
				AF05FA492EB224BA009ECF24 /* ClassroomQuestUITests */,
			);
			name = ClassroomQuestUITests;
			packageProductDependencies = (
			);
			productName = ClassroomQuestUITests;
			productReference = AF05FA462EB224BA009ECF24 /* ClassroomQuestUITests.xctest */;
			productType = "com.apple.product-type.bundle.ui-testing";
		};
/* End PBXNativeTarget section */

/* Begin PBXProject section */
		AF05FA222EB224B9009ECF24 /* Project object */ = {
			isa = PBXProject;
			attributes = {
				BuildIndependentTargetsInParallel = 1;
				LastSwiftUpdateCheck = 2600;
				LastUpgradeCheck = 2600;
				TargetAttributes = {
					AF05FA292EB224B9009ECF24 = {
						CreatedOnToolsVersion = 26.0.1;
					};
					AF05FA3B2EB224BA009ECF24 = {
						CreatedOnToolsVersion = 26.0.1;
						TestTargetID = AF05FA292EB224B9009ECF24;
					};
					AF05FA452EB224BA009ECF24 = {
						CreatedOnToolsVersion = 26.0.1;
						TestTargetID = AF05FA292EB224B9009ECF24;
					};
				};
			};
			buildConfigurationList = AF05FA252EB224B9009ECF24 /* Build configuration list for PBXProject "ClassroomQuest" */;
			developmentRegion = en;
			hasScannedForEncodings = 0;
			knownRegions = (
				en,
				Base,
			);
			mainGroup = AF05FA212EB224B9009ECF24;
			minimizedProjectReferenceProxies = 1;
			packageReferences = (
				AF9B2DB52EB23DB9001A9D7F /* XCRemoteSwiftPackageReference "lottie-ios" */,
			);
			preferredProjectObjectVersion = 77;
			productRefGroup = AF05FA2B2EB224B9009ECF24 /* Products */;
			projectDirPath = "";
			projectRoot = "";
			targets = (
				AF05FA292EB224B9009ECF24 /* ClassroomQuest */,
				AF05FA3B2EB224BA009ECF24 /* ClassroomQuestTests */,
				AF05FA452EB224BA009ECF24 /* ClassroomQuestUITests */,
			);
		};
/* End PBXProject section */

/* Begin PBXResourcesBuildPhase section */
		AF05FA282EB224B9009ECF24 /* Resources */ = {
			isa = PBXResourcesBuildPhase;
			buildActionMask = 2147483647;
			files = (
			);
			runOnlyForDeploymentPostprocessing = 0;
		};
		AF05FA3A2EB224BA009ECF24 /* Resources */ = {
			isa = PBXResourcesBuildPhase;
			buildActionMask = 2147483647;
			files = (
			);
			runOnlyForDeploymentPostprocessing = 0;
		};
		AF05FA442EB224BA009ECF24 /* Resources */ = {
			isa = PBXResourcesBuildPhase;
			buildActionMask = 2147483647;
			files = (
			);
			runOnlyForDeploymentPostprocessing = 0;
		};
/* End PBXResourcesBuildPhase section */

/* Begin PBXSourcesBuildPhase section */
		AF05FA262EB224B9009ECF24 /* Sources */ = {
			isa = PBXSourcesBuildPhase;
			buildActionMask = 2147483647;
			files = (
			);
			runOnlyForDeploymentPostprocessing = 0;
		};
		AF05FA382EB224BA009ECF24 /* Sources */ = {
			isa = PBXSourcesBuildPhase;
			buildActionMask = 2147483647;
			files = (
			);
			runOnlyForDeploymentPostprocessing = 0;
		};
		AF05FA422EB224BA009ECF24 /* Sources */ = {
			isa = PBXSourcesBuildPhase;
			buildActionMask = 2147483647;
			files = (
			);
			runOnlyForDeploymentPostprocessing = 0;
		};
/* End PBXSourcesBuildPhase section */

/* Begin PBXTargetDependency section */
		AF05FA3E2EB224BA009ECF24 /* PBXTargetDependency */ = {
			isa = PBXTargetDependency;
			target = AF05FA292EB224B9009ECF24 /* ClassroomQuest */;
			targetProxy = AF05FA3D2EB224BA009ECF24 /* PBXContainerItemProxy */;
		};
		AF05FA482EB224BA009ECF24 /* PBXTargetDependency */ = {
			isa = PBXTargetDependency;
			target = AF05FA292EB224B9009ECF24 /* ClassroomQuest */;
			targetProxy = AF05FA472EB224BA009ECF24 /* PBXContainerItemProxy */;
		};
/* End PBXTargetDependency section */

/* Begin XCBuildConfiguration section */
		AF05FA4E2EB224BA009ECF24 /* Debug */ = {
			isa = XCBuildConfiguration;
			buildSettings = {
				ALWAYS_SEARCH_USER_PATHS = NO;
				ASSETCATALOG_COMPILER_GENERATE_SWIFT_ASSET_SYMBOL_EXTENSIONS = YES;
				CLANG_ANALYZER_NONNULL = YES;
				CLANG_ANALYZER_NUMBER_OBJECT_CONVERSION = YES_AGGRESSIVE;
				CLANG_CXX_LANGUAGE_STANDARD = "gnu++20";
				CLANG_ENABLE_MODULES = YES;
				CLANG_ENABLE_OBJC_ARC = YES;
				CLANG_ENABLE_OBJC_WEAK = YES;
				CLANG_WARN_BLOCK_CAPTURE_AUTORELEASING = YES;
				CLANG_WARN_BOOL_CONVERSION = YES;
				CLANG_WARN_COMMA = YES;
				CLANG_WARN_CONSTANT_CONVERSION = YES;
				CLANG_WARN_DEPRECATED_OBJC_IMPLEMENTATIONS = YES;
				CLANG_WARN_DIRECT_OBJC_ISA_USAGE = YES_ERROR;
				CLANG_WARN_DOCUMENTATION_COMMENTS = YES;
				CLANG_WARN_EMPTY_BODY = YES;
				CLANG_WARN_ENUM_CONVERSION = YES;
				CLANG_WARN_INFINITE_RECURSION = YES;
				CLANG_WARN_INT_CONVERSION = YES;
				CLANG_WARN_NON_LITERAL_NULL_CONVERSION = YES;
				CLANG_WARN_OBJC_IMPLICIT_RETAIN_SELF = YES;
				CLANG_WARN_OBJC_LITERAL_CONVERSION = YES;
				CLANG_WARN_OBJC_ROOT_CLASS = YES_ERROR;
				CLANG_WARN_QUOTED_INCLUDE_IN_FRAMEWORK_HEADER = YES;
				CLANG_WARN_RANGE_LOOP_ANALYSIS = YES;
				CLANG_WARN_STRICT_PROTOTYPES = YES;
				CLANG_WARN_SUSPICIOUS_MOVE = YES;
				CLANG_WARN_UNGUARDED_AVAILABILITY = YES_AGGRESSIVE;
				CLANG_WARN_UNREACHABLE_CODE = YES;
				CLANG_WARN__DUPLICATE_METHOD_MATCH = YES;
				COPY_PHASE_STRIP = NO;
				DEBUG_INFORMATION_FORMAT = dwarf;
				ENABLE_STRICT_OBJC_MSGSEND = YES;
				ENABLE_TESTABILITY = YES;
				ENABLE_USER_SCRIPT_SANDBOXING = YES;
				GCC_C_LANGUAGE_STANDARD = gnu17;
				GCC_DYNAMIC_NO_PIC = NO;
				GCC_NO_COMMON_BLOCKS = YES;
				GCC_OPTIMIZATION_LEVEL = 0;
				GCC_PREPROCESSOR_DEFINITIONS = (
					"DEBUG=1",
					"$(inherited)",
				);
				GCC_WARN_64_TO_32_BIT_CONVERSION = YES;
				GCC_WARN_ABOUT_RETURN_TYPE = YES_ERROR;
				GCC_WARN_UNDECLARED_SELECTOR = YES;
				GCC_WARN_UNINITIALIZED_AUTOS = YES_AGGRESSIVE;
				GCC_WARN_UNUSED_FUNCTION = YES;
				GCC_WARN_UNUSED_VARIABLE = YES;
				IPHONEOS_DEPLOYMENT_TARGET = 26.0;
				LOCALIZATION_PREFERS_STRING_CATALOGS = YES;
				MTL_ENABLE_DEBUG_INFO = INCLUDE_SOURCE;
				MTL_FAST_MATH = YES;
				ONLY_ACTIVE_ARCH = YES;
				SDKROOT = iphoneos;
				SWIFT_ACTIVE_COMPILATION_CONDITIONS = "DEBUG $(inherited)";
				SWIFT_OPTIMIZATION_LEVEL = "-Onone";
			};
			name = Debug;
		};
		AF05FA4F2EB224BA009ECF24 /* Release */ = {
			isa = XCBuildConfiguration;
			buildSettings = {
				ALWAYS_SEARCH_USER_PATHS = NO;
				ASSETCATALOG_COMPILER_GENERATE_SWIFT_ASSET_SYMBOL_EXTENSIONS = YES;
				CLANG_ANALYZER_NONNULL = YES;
				CLANG_ANALYZER_NUMBER_OBJECT_CONVERSION = YES_AGGRESSIVE;
				CLANG_CXX_LANGUAGE_STANDARD = "gnu++20";
				CLANG_ENABLE_MODULES = YES;
				CLANG_ENABLE_OBJC_ARC = YES;
				CLANG_ENABLE_OBJC_WEAK = YES;
				CLANG_WARN_BLOCK_CAPTURE_AUTORELEASING = YES;
				CLANG_WARN_BOOL_CONVERSION = YES;
				CLANG_WARN_COMMA = YES;
				CLANG_WARN_CONSTANT_CONVERSION = YES;
				CLANG_WARN_DEPRECATED_OBJC_IMPLEMENTATIONS = YES;
				CLANG_WARN_DIRECT_OBJC_ISA_USAGE = YES_ERROR;
				CLANG_WARN_DOCUMENTATION_COMMENTS = YES;
				CLANG_WARN_EMPTY_BODY = YES;
				CLANG_WARN_ENUM_CONVERSION = YES;
				CLANG_WARN_INFINITE_RECURSION = YES;
				CLANG_WARN_INT_CONVERSION = YES;
				CLANG_WARN_NON_LITERAL_NULL_CONVERSION = YES;
				CLANG_WARN_OBJC_IMPLICIT_RETAIN_SELF = YES;
				CLANG_WARN_OBJC_LITERAL_CONVERSION = YES;
				CLANG_WARN_OBJC_ROOT_CLASS = YES_ERROR;
				CLANG_WARN_QUOTED_INCLUDE_IN_FRAMEWORK_HEADER = YES;
				CLANG_WARN_RANGE_LOOP_ANALYSIS = YES;
				CLANG_WARN_STRICT_PROTOTYPES = YES;
				CLANG_WARN_SUSPICIOUS_MOVE = YES;
				CLANG_WARN_UNGUARDED_AVAILABILITY = YES_AGGRESSIVE;
				CLANG_WARN_UNREACHABLE_CODE = YES;
				CLANG_WARN__DUPLICATE_METHOD_MATCH = YES;
				COPY_PHASE_STRIP = NO;
				DEBUG_INFORMATION_FORMAT = "dwarf-with-dsym";
				ENABLE_NS_ASSERTIONS = NO;
				ENABLE_STRICT_OBJC_MSGSEND = YES;
				ENABLE_USER_SCRIPT_SANDBOXING = YES;
				GCC_C_LANGUAGE_STANDARD = gnu17;
				GCC_NO_COMMON_BLOCKS = YES;
				GCC_WARN_64_TO_32_BIT_CONVERSION = YES;
				GCC_WARN_ABOUT_RETURN_TYPE = YES_ERROR;
				GCC_WARN_UNDECLARED_SELECTOR = YES;
				GCC_WARN_UNINITIALIZED_AUTOS = YES_AGGRESSIVE;
				GCC_WARN_UNUSED_FUNCTION = YES;
				GCC_WARN_UNUSED_VARIABLE = YES;
				IPHONEOS_DEPLOYMENT_TARGET = 26.0;
				LOCALIZATION_PREFERS_STRING_CATALOGS = YES;
				MTL_ENABLE_DEBUG_INFO = NO;
				MTL_FAST_MATH = YES;
				SDKROOT = iphoneos;
				SWIFT_COMPILATION_MODE = wholemodule;
				VALIDATE_PRODUCT = YES;
			};
			name = Release;
		};
		AF05FA512EB224BA009ECF24 /* Debug */ = {
			isa = XCBuildConfiguration;
			buildSettings = {
				ASSETCATALOG_COMPILER_APPICON_NAME = AppIcon;
				ASSETCATALOG_COMPILER_GLOBAL_ACCENT_COLOR_NAME = AccentColor;
				CODE_SIGN_STYLE = Automatic;
				CURRENT_PROJECT_VERSION = 1;
				ENABLE_PREVIEWS = YES;
				GENERATE_INFOPLIST_FILE = YES;
				INFOPLIST_KEY_UIApplicationSceneManifest_Generation = YES;
				INFOPLIST_KEY_UIApplicationSupportsIndirectInputEvents = YES;
				INFOPLIST_KEY_UILaunchScreen_Generation = YES;
				INFOPLIST_KEY_UISupportedInterfaceOrientations_iPad = "UIInterfaceOrientationPortrait UIInterfaceOrientationPortraitUpsideDown UIInterfaceOrientationLandscapeLeft UIInterfaceOrientationLandscapeRight";
				INFOPLIST_KEY_UISupportedInterfaceOrientations_iPhone = "UIInterfaceOrientationPortrait UIInterfaceOrientationLandscapeLeft UIInterfaceOrientationLandscapeRight";
				LD_RUNPATH_SEARCH_PATHS = (
					"$(inherited)",
					"@executable_path/Frameworks",
				);
				MARKETING_VERSION = 1.0;
				PRODUCT_BUNDLE_IDENTIFIER = "JBT-Apps.ClassroomQuest";
				PRODUCT_NAME = "$(TARGET_NAME)";
				STRING_CATALOG_GENERATE_SYMBOLS = YES;
				SWIFT_APPROACHABLE_CONCURRENCY = YES;
				SWIFT_DEFAULT_ACTOR_ISOLATION = MainActor;
				SWIFT_EMIT_LOC_STRINGS = YES;
				SWIFT_UPCOMING_FEATURE_MEMBER_IMPORT_VISIBILITY = YES;
				SWIFT_VERSION = 5.0;
				TARGETED_DEVICE_FAMILY = "1,2";
			};
			name = Debug;
		};
		AF05FA522EB224BA009ECF24 /* Release */ = {
			isa = XCBuildConfiguration;
			buildSettings = {
				ASSETCATALOG_COMPILER_APPICON_NAME = AppIcon;
				ASSETCATALOG_COMPILER_GLOBAL_ACCENT_COLOR_NAME = AccentColor;
				CODE_SIGN_STYLE = Automatic;
				CURRENT_PROJECT_VERSION = 1;
				ENABLE_PREVIEWS = YES;
				GENERATE_INFOPLIST_FILE = YES;
				INFOPLIST_KEY_UIApplicationSceneManifest_Generation = YES;
				INFOPLIST_KEY_UIApplicationSupportsIndirectInputEvents = YES;
				INFOPLIST_KEY_UILaunchScreen_Generation = YES;
				INFOPLIST_KEY_UISupportedInterfaceOrientations_iPad = "UIInterfaceOrientationPortrait UIInterfaceOrientationPortraitUpsideDown UIInterfaceOrientationLandscapeLeft UIInterfaceOrientationLandscapeRight";
				INFOPLIST_KEY_UISupportedInterfaceOrientations_iPhone = "UIInterfaceOrientationPortrait UIInterfaceOrientationLandscapeLeft UIInterfaceOrientationLandscapeRight";
				LD_RUNPATH_SEARCH_PATHS = (
					"$(inherited)",
					"@executable_path/Frameworks",
				);
				MARKETING_VERSION = 1.0;
				PRODUCT_BUNDLE_IDENTIFIER = "JBT-Apps.ClassroomQuest";
				PRODUCT_NAME = "$(TARGET_NAME)";
				STRING_CATALOG_GENERATE_SYMBOLS = YES;
				SWIFT_APPROACHABLE_CONCURRENCY = YES;
				SWIFT_DEFAULT_ACTOR_ISOLATION = MainActor;
				SWIFT_EMIT_LOC_STRINGS = YES;
				SWIFT_UPCOMING_FEATURE_MEMBER_IMPORT_VISIBILITY = YES;
				SWIFT_VERSION = 5.0;
				TARGETED_DEVICE_FAMILY = "1,2";
			};
			name = Release;
		};
		AF05FA542EB224BA009ECF24 /* Debug */ = {
			isa = XCBuildConfiguration;
			buildSettings = {
				BUNDLE_LOADER = "$(TEST_HOST)";
				CODE_SIGN_STYLE = Automatic;
				CURRENT_PROJECT_VERSION = 1;
				GENERATE_INFOPLIST_FILE = YES;
				IPHONEOS_DEPLOYMENT_TARGET = 26.0;
				MARKETING_VERSION = 1.0;
				PRODUCT_BUNDLE_IDENTIFIER = "JBT-Apps.ClassroomQuestTests";
				PRODUCT_NAME = "$(TARGET_NAME)";
				STRING_CATALOG_GENERATE_SYMBOLS = NO;
				SWIFT_APPROACHABLE_CONCURRENCY = YES;
				SWIFT_EMIT_LOC_STRINGS = NO;
				SWIFT_UPCOMING_FEATURE_MEMBER_IMPORT_VISIBILITY = YES;
				SWIFT_VERSION = 5.0;
				TARGETED_DEVICE_FAMILY = "1,2";
				TEST_HOST = "$(BUILT_PRODUCTS_DIR)/ClassroomQuest.app/$(BUNDLE_EXECUTABLE_FOLDER_PATH)/ClassroomQuest";
			};
			name = Debug;
		};
		AF05FA552EB224BA009ECF24 /* Release */ = {
			isa = XCBuildConfiguration;
			buildSettings = {
				BUNDLE_LOADER = "$(TEST_HOST)";
				CODE_SIGN_STYLE = Automatic;
				CURRENT_PROJECT_VERSION = 1;
				GENERATE_INFOPLIST_FILE = YES;
				IPHONEOS_DEPLOYMENT_TARGET = 26.0;
				MARKETING_VERSION = 1.0;
				PRODUCT_BUNDLE_IDENTIFIER = "JBT-Apps.ClassroomQuestTests";
				PRODUCT_NAME = "$(TARGET_NAME)";
				STRING_CATALOG_GENERATE_SYMBOLS = NO;
				SWIFT_APPROACHABLE_CONCURRENCY = YES;
				SWIFT_EMIT_LOC_STRINGS = NO;
				SWIFT_UPCOMING_FEATURE_MEMBER_IMPORT_VISIBILITY = YES;
				SWIFT_VERSION = 5.0;
				TARGETED_DEVICE_FAMILY = "1,2";
				TEST_HOST = "$(BUILT_PRODUCTS_DIR)/ClassroomQuest.app/$(BUNDLE_EXECUTABLE_FOLDER_PATH)/ClassroomQuest";
			};
			name = Release;
		};
		AF05FA572EB224BA009ECF24 /* Debug */ = {
			isa = XCBuildConfiguration;
			buildSettings = {
				CODE_SIGN_STYLE = Automatic;
				CURRENT_PROJECT_VERSION = 1;
				GENERATE_INFOPLIST_FILE = YES;
				MARKETING_VERSION = 1.0;
				PRODUCT_BUNDLE_IDENTIFIER = "JBT-Apps.ClassroomQuestUITests";
				PRODUCT_NAME = "$(TARGET_NAME)";
				STRING_CATALOG_GENERATE_SYMBOLS = NO;
				SWIFT_APPROACHABLE_CONCURRENCY = YES;
				SWIFT_EMIT_LOC_STRINGS = NO;
				SWIFT_UPCOMING_FEATURE_MEMBER_IMPORT_VISIBILITY = YES;
				SWIFT_VERSION = 5.0;
				TARGETED_DEVICE_FAMILY = "1,2";
				TEST_TARGET_NAME = ClassroomQuest;
			};
			name = Debug;
		};
		AF05FA582EB224BA009ECF24 /* Release */ = {
			isa = XCBuildConfiguration;
			buildSettings = {
				CODE_SIGN_STYLE = Automatic;
				CURRENT_PROJECT_VERSION = 1;
				GENERATE_INFOPLIST_FILE = YES;
				MARKETING_VERSION = 1.0;
				PRODUCT_BUNDLE_IDENTIFIER = "JBT-Apps.ClassroomQuestUITests";
				PRODUCT_NAME = "$(TARGET_NAME)";
				STRING_CATALOG_GENERATE_SYMBOLS = NO;
				SWIFT_APPROACHABLE_CONCURRENCY = YES;
				SWIFT_EMIT_LOC_STRINGS = NO;
				SWIFT_UPCOMING_FEATURE_MEMBER_IMPORT_VISIBILITY = YES;
				SWIFT_VERSION = 5.0;
				TARGETED_DEVICE_FAMILY = "1,2";
				TEST_TARGET_NAME = ClassroomQuest;
			};
			name = Release;
		};
/* End XCBuildConfiguration section */

/* Begin XCConfigurationList section */
		AF05FA252EB224B9009ECF24 /* Build configuration list for PBXProject "ClassroomQuest" */ = {
			isa = XCConfigurationList;
			buildConfigurations = (
				AF05FA4E2EB224BA009ECF24 /* Debug */,
				AF05FA4F2EB224BA009ECF24 /* Release */,
			);
			defaultConfigurationIsVisible = 0;
			defaultConfigurationName = Release;
		};
		AF05FA502EB224BA009ECF24 /* Build configuration list for PBXNativeTarget "ClassroomQuest" */ = {
			isa = XCConfigurationList;
			buildConfigurations = (
				AF05FA512EB224BA009ECF24 /* Debug */,
				AF05FA522EB224BA009ECF24 /* Release */,
			);
			defaultConfigurationIsVisible = 0;
			defaultConfigurationName = Release;
		};
		AF05FA532EB224BA009ECF24 /* Build configuration list for PBXNativeTarget "ClassroomQuestTests" */ = {
			isa = XCConfigurationList;
			buildConfigurations = (
				AF05FA542EB224BA009ECF24 /* Debug */,
				AF05FA552EB224BA009ECF24 /* Release */,
			);
			defaultConfigurationIsVisible = 0;
			defaultConfigurationName = Release;
		};
		AF05FA562EB224BA009ECF24 /* Build configuration list for PBXNativeTarget "ClassroomQuestUITests" */ = {
			isa = XCConfigurationList;
			buildConfigurations = (
				AF05FA572EB224BA009ECF24 /* Debug */,
				AF05FA582EB224BA009ECF24 /* Release */,
			);
			defaultConfigurationIsVisible = 0;
			defaultConfigurationName = Release;
		};
/* End XCConfigurationList section */

/* Begin XCSwiftPackageProductDependency section */
                AF9B2DB92EB23E88001A9D7F /* Lottie */ = {isa = XCSwiftPackageProductDependency; package = AF9B2DB52EB23DB9001A9D7F /* XCRemoteSwiftPackageReference "lottie-ios" */; productName = Lottie; };
/* End XCSwiftPackageProductDependency section */

/* Begin XCRemoteSwiftPackageReference section */
                AF9B2DB52EB23DB9001A9D7F /* XCRemoteSwiftPackageReference "lottie-ios" */ = {
                        isa = XCRemoteSwiftPackageReference;
			repositoryURL = "https://github.com/airbnb/lottie-ios.git";
			requirement = {
				kind = upToNextMajorVersion;
				minimumVersion = 4.5.2;
			};
		};
/* End XCRemoteSwiftPackageReference section */
	};
	rootObject = AF05FA222EB224B9009ECF24 /* Project object */;
}
